// !$*UTF8*$!
{
	archiveVersion = 1;
	classes = {
	};
	objectVersion = 77;
	objects = {

/* Begin PBXBuildFile section */
		08A795D28CCACD6079370712 /* CitadelSCPUploader.swift in Sources */ = {isa = PBXBuildFile; fileRef = D9C051D02F5B8C10F3E75D7A /* CitadelSCPUploader.swift */; };
		12AE43CD002393743BACEB75 /* KeyboardThemeContrastTests.swift in Sources */ = {isa = PBXBuildFile; fileRef = FAA8A921E20FE294CCFC815A /* KeyboardThemeContrastTests.swift */; };
		15533E56B3ECB76AAEE83116 /* OnboardingTests.swift in Sources */ = {isa = PBXBuildFile; fileRef = F48343C46F1026C97DFEE5F1 /* OnboardingTests.swift */; };
		1C5FD6A31F1A4AFF704FFF74 /* SharedSSHKeyStore.swift in Sources */ = {isa = PBXBuildFile; fileRef = DB7A1E2373DA280920653B41 /* SharedSSHKeyStore.swift */; };
		1F3BC0FB1DEE09CF9586840D /* HostTerminalView.swift in Sources */ = {isa = PBXBuildFile; fileRef = 7588DD4C7951CF1F99C3A433 /* HostTerminalView.swift */; };
		1F6BA06DD660C887B3E1F79C /* KeyJawnApp.swift in Sources */ = {isa = PBXBuildFile; fileRef = AD9AC295E87CCA2D770BDB6A /* KeyJawnApp.swift */; };
		227F4E52BB865C7B00BA9167 /* KeyboardMetricsTests.swift in Sources */ = {isa = PBXBuildFile; fileRef = 3CE214E0B998D01BC698998B /* KeyboardMetricsTests.swift */; };
		306C46342B0B52F882443953 /* AppGroupHostStore.swift in Sources */ = {isa = PBXBuildFile; fileRef = 88516F15428436E247E65FD4 /* AppGroupHostStore.swift */; };
		30FBF6554FC7A6F5548299C1 /* KeyboardViewController.swift in Sources */ = {isa = PBXBuildFile; fileRef = B581E797ADEF1572390A6096 /* KeyboardViewController.swift */; };
		32EB71B5DE76A94E371D71A0 /* SSHSession.swift in Sources */ = {isa = PBXBuildFile; fileRef = 23A4B394C56787E8E05B58A1 /* SSHSession.swift */; };
		348C2A63B6E68B94EE380311 /* InputViewAudioFeedback.swift in Sources */ = {isa = PBXBuildFile; fileRef = 97D63ED3E15ECBC88F45E3B6 /* InputViewAudioFeedback.swift */; };
		35BA636F86655A1E133B3BB2 /* Assets.xcassets in Resources */ = {isa = PBXBuildFile; fileRef = 98623C822345E60C48D7464D /* Assets.xcassets */; };
		3694F662CD2D10BFC8388AF2 /* TerminalInputMappingTests.swift in Sources */ = {isa = PBXBuildFile; fileRef = 64762D93ADF3F2AB82F1A548 /* TerminalInputMappingTests.swift */; };
		3E7E682B7731F46E6D232280 /* ClipboardHistoryTests.swift in Sources */ = {isa = PBXBuildFile; fileRef = 38264316C6A0140F8FEB1667 /* ClipboardHistoryTests.swift */; };
		5A4CC73980A76F9DB9E5A5E2 /* TerminalViewController.swift in Sources */ = {isa = PBXBuildFile; fileRef = DF6FA031277F874D263EF7AD /* TerminalViewController.swift */; };
		5A51BC905F126948A48544C7 /* KeyboardPrefsTests.swift in Sources */ = {isa = PBXBuildFile; fileRef = 396D44A07DE95A000C7627D0 /* KeyboardPrefsTests.swift */; };
		5D3FA20C7AADA0E3754284D5 /* CtrlStateTests.swift in Sources */ = {isa = PBXBuildFile; fileRef = D02EAAA4D51DA2E825C9B5BA /* CtrlStateTests.swift */; };
		5DF5361C7BE43FB5D0F34CA5 /* ContentView.swift in Sources */ = {isa = PBXBuildFile; fileRef = 62CD2B5A99C09A3BD18B1B2C /* ContentView.swift */; };
		5E5AAF93DC09AC4305BDA08D /* OnboardingView.swift in Sources */ = {isa = PBXBuildFile; fileRef = C3ABDD7F74E5CC85881A5948 /* OnboardingView.swift */; };
		6350BC0215D4AF763D7B6A6B /* Citadel in Frameworks */ = {isa = PBXBuildFile; productRef = CB9AD386707E3751FAD823A1 /* Citadel */; };
		64F0A7BFAD402AB5064BA7A1 /* CitadelSCPUploader.swift in Sources */ = {isa = PBXBuildFile; fileRef = D9C051D02F5B8C10F3E75D7A /* CitadelSCPUploader.swift */; };
		67B39BE35B75861A3813BF5C /* SettingsView.swift in Sources */ = {isa = PBXBuildFile; fileRef = AEF300C5B755C35A8B51FED3 /* SettingsView.swift */; };
		68B2C30E8CD52FC6DE13253C /* AltKeyMappingsTests.swift in Sources */ = {isa = PBXBuildFile; fileRef = D5835AD51EEE0C920DE898BD /* AltKeyMappingsTests.swift */; };
		68B8A22CEFDB19DE99CA2EB5 /* HostListView.swift in Sources */ = {isa = PBXBuildFile; fileRef = 301482A615F90B93947563BC /* HostListView.swift */; };
		76503EE687E0F88885DD27DE /* NIOSSH in Frameworks */ = {isa = PBXBuildFile; productRef = 974D61CF6F7ADA4824D53DC7 /* NIOSSH */; };
		7E2C29A442AE9E2630A2F301 /* HostStore.swift in Sources */ = {isa = PBXBuildFile; fileRef = BC5405F0BD516F74C8E0EED5 /* HostStore.swift */; };
		9DA97D841DD222F4BC99CFC9 /* KeyJawnKit in Frameworks */ = {isa = PBXBuildFile; productRef = 1BD7D5FD852EEF611DFEF3BA /* KeyJawnKit */; };
		A58E56EF6474C8DBC8512A2F /* KeyboardStressTests.swift in Sources */ = {isa = PBXBuildFile; fileRef = 8BD88603C1C49C4DCF6E4364 /* KeyboardStressTests.swift */; };
		A793BD0FFA4FDCD6DA278117 /* WordBoundaryTests.swift in Sources */ = {isa = PBXBuildFile; fileRef = 686608D07F38BF2952BC2A05 /* WordBoundaryTests.swift */; };
		A9DB22FF0F4C815305CC6106 /* KeyJawnKit in Frameworks */ = {isa = PBXBuildFile; productRef = D3233B073CCE7B0FEFB818EA /* KeyJawnKit */; };
		AA523563B70682B4341E113C /* SSHKeysView.swift in Sources */ = {isa = PBXBuildFile; fileRef = 2CC90B529187AE9DAFC1CDE6 /* SSHKeysView.swift */; };
		B6C2D23E9D71B57A14E105FD /* KeyboardIMETests.swift in Sources */ = {isa = PBXBuildFile; fileRef = A19791E47A6CF77CB424FCAC /* KeyboardIMETests.swift */; };
		B958AD522581630C2F77C218 /* NIOCore in Frameworks */ = {isa = PBXBuildFile; productRef = 9319CFF9722F6941701039BF /* NIOCore */; };
		B986125E4F44A5EC63F660C4 /* LaunchFlowTests.swift in Sources */ = {isa = PBXBuildFile; fileRef = 33E1CA9E994C39BD29662DF0 /* LaunchFlowTests.swift */; };
		BB7A5E0F892D8EA9821654B3 /* NIOCore in Frameworks */ = {isa = PBXBuildFile; productRef = C5D92697896E36FD6161FB69 /* NIOCore */; };
		BD84EA7B58CE9D2536EADB34 /* KeyJawnKit in Frameworks */ = {isa = PBXBuildFile; productRef = 77314FC70430F6B0FC36684C /* KeyJawnKit */; };
		BF99261856285D2DA591AEB2 /* KeyJawnKeyboard.appex in Embed Foundation Extensions */ = {isa = PBXBuildFile; fileRef = 22D494658DBEB0D051FF4A8C /* KeyJawnKeyboard.appex */; settings = {ATTRIBUTES = (RemoveHeadersOnCopy, ); }; };
		C01DB065ADBBD129FDFA832F /* SlashCommandTests.swift in Sources */ = {isa = PBXBuildFile; fileRef = B9DF2807E8DD4CB2A02999BA /* SlashCommandTests.swift */; };
		C2CB34B81FFC8B56D356D8AF /* HostConfigTests.swift in Sources */ = {isa = PBXBuildFile; fileRef = 9B940C548C192782A1073E16 /* HostConfigTests.swift */; };
		C2F8D707F7F9F58DA50E2A7F /* NIOPosix in Frameworks */ = {isa = PBXBuildFile; productRef = 2C94B23FBDB89626C8A0294C /* NIOPosix */; };
		C5D73FD296E1B9A8CD97626C /* SSHKeyStore.swift in Sources */ = {isa = PBXBuildFile; fileRef = 2DE62DD6DE973B1FB26C0314 /* SSHKeyStore.swift */; };
		CA738FCA57272508A304C827 /* SwiftTerm in Frameworks */ = {isa = PBXBuildFile; productRef = DBC5B9DCB9FBC1D3E054CE8F /* SwiftTerm */; };
		CCDB3D09BF10D8B0C6C4B9BD /* ExtraRowPresetTests.swift in Sources */ = {isa = PBXBuildFile; fileRef = 54003BE0AD4A0942B2C7D0F1 /* ExtraRowPresetTests.swift */; };
		D4959C7C420241BE04B8CD59 /* Citadel in Frameworks */ = {isa = PBXBuildFile; productRef = 060BD31A2DD85CF9C0F6FE6F /* Citadel */; };
		D833730B6D5B5B7CD1D39B17 /* TerminalInputView.swift in Sources */ = {isa = PBXBuildFile; fileRef = F295D7985B88063D1F195088 /* TerminalInputView.swift */; };
		DE63F87E7794F4FF03DA7A43 /* ANSISequenceTests.swift in Sources */ = {isa = PBXBuildFile; fileRef = DE81ADA79A468E5CF872E5B1 /* ANSISequenceTests.swift */; };
		DF7E0C0E55646C2A8443B118 /* KeyboardInsertPathTests.swift in Sources */ = {isa = PBXBuildFile; fileRef = 2D7B5B0254BBE72FA1A9ADA0 /* KeyboardInsertPathTests.swift */; };
		E488DF8C0300EA5A5A26626B /* SlashScreenshotRenderTests.swift in Sources */ = {isa = PBXBuildFile; fileRef = 524D3943A19BA98402D9549F /* SlashScreenshotRenderTests.swift */; };
		EAD2BFA42A42418E10696035 /* KeyboardLayersTests.swift in Sources */ = {isa = PBXBuildFile; fileRef = 98604D5BA08246970836FD92 /* KeyboardLayersTests.swift */; };
		EB892014C8DC6C2A3258F241 /* PasswordPromptView.swift in Sources */ = {isa = PBXBuildFile; fileRef = A6274AD171FD2D143D7DFDAC /* PasswordPromptView.swift */; };
		ED013FF5D11FE489D6798508 /* HostEditView.swift in Sources */ = {isa = PBXBuildFile; fileRef = B5418E5BFCD5CA8FE0DDDAC5 /* HostEditView.swift */; };
		EF86DC91B3F6A441505BFFF0 /* NIOSSH in Frameworks */ = {isa = PBXBuildFile; productRef = E6BD72243EA2001DD46465E8 /* NIOSSH */; };
/* End PBXBuildFile section */

/* Begin PBXContainerItemProxy section */
		563D214484F90B42E8D0A3E8 /* PBXContainerItemProxy */ = {
			isa = PBXContainerItemProxy;
			containerPortal = CCE8758E3FDE1B4AD2B13B6F /* Project object */;
			proxyType = 1;
			remoteGlobalIDString = 8DE24E0AF7D60F6E8E2BA73E;
			remoteInfo = KeyJawn;
		};
		87E90F807D474A3484B00E20 /* PBXContainerItemProxy */ = {
			isa = PBXContainerItemProxy;
			containerPortal = CCE8758E3FDE1B4AD2B13B6F /* Project object */;
			proxyType = 1;
			remoteGlobalIDString = 8DE24E0AF7D60F6E8E2BA73E;
			remoteInfo = KeyJawn;
		};
		E4D89C23F9C0FA756FEF3DAF /* PBXContainerItemProxy */ = {
			isa = PBXContainerItemProxy;
			containerPortal = CCE8758E3FDE1B4AD2B13B6F /* Project object */;
			proxyType = 1;
			remoteGlobalIDString = D49A0F8A52046B2B5DB06FC5;
			remoteInfo = KeyJawnKeyboard;
		};
/* End PBXContainerItemProxy section */

/* Begin PBXCopyFilesBuildPhase section */
		1887A288A1730F24624F2071 /* Embed Foundation Extensions */ = {
			isa = PBXCopyFilesBuildPhase;
			buildActionMask = 2147483647;
			dstPath = "";
			dstSubfolderSpec = 13;
			files = (
				BF99261856285D2DA591AEB2 /* KeyJawnKeyboard.appex in Embed Foundation Extensions */,
			);
			name = "Embed Foundation Extensions";
			runOnlyForDeploymentPostprocessing = 0;
		};
/* End PBXCopyFilesBuildPhase section */

/* Begin PBXFileReference section */
		1455FBB90189E98F89DA75E3 /* KeyJawn.app */ = {isa = PBXFileReference; includeInIndex = 0; lastKnownFileType = wrapper.application; path = KeyJawn.app; sourceTree = BUILT_PRODUCTS_DIR; };
		22D494658DBEB0D051FF4A8C /* KeyJawnKeyboard.appex */ = {isa = PBXFileReference; includeInIndex = 0; lastKnownFileType = "wrapper.app-extension"; path = KeyJawnKeyboard.appex; sourceTree = BUILT_PRODUCTS_DIR; };
		23A4B394C56787E8E05B58A1 /* SSHSession.swift */ = {isa = PBXFileReference; lastKnownFileType = sourcecode.swift; path = SSHSession.swift; sourceTree = "<group>"; };
		2B762F3DAF0B75F1359515C7 /* KeyJawnUITests.xctest */ = {isa = PBXFileReference; includeInIndex = 0; lastKnownFileType = wrapper.cfbundle; path = KeyJawnUITests.xctest; sourceTree = BUILT_PRODUCTS_DIR; };
		2B92C187EB65640055598EB8 /* Info.plist */ = {isa = PBXFileReference; lastKnownFileType = text.plist; path = Info.plist; sourceTree = "<group>"; };
		2CC90B529187AE9DAFC1CDE6 /* SSHKeysView.swift */ = {isa = PBXFileReference; lastKnownFileType = sourcecode.swift; path = SSHKeysView.swift; sourceTree = "<group>"; };
		2D7B5B0254BBE72FA1A9ADA0 /* KeyboardInsertPathTests.swift */ = {isa = PBXFileReference; lastKnownFileType = sourcecode.swift; path = KeyboardInsertPathTests.swift; sourceTree = "<group>"; };
		2DE62DD6DE973B1FB26C0314 /* SSHKeyStore.swift */ = {isa = PBXFileReference; lastKnownFileType = sourcecode.swift; path = SSHKeyStore.swift; sourceTree = "<group>"; };
		301482A615F90B93947563BC /* HostListView.swift */ = {isa = PBXFileReference; lastKnownFileType = sourcecode.swift; path = HostListView.swift; sourceTree = "<group>"; };
		33E1CA9E994C39BD29662DF0 /* LaunchFlowTests.swift */ = {isa = PBXFileReference; lastKnownFileType = sourcecode.swift; path = LaunchFlowTests.swift; sourceTree = "<group>"; };
		38264316C6A0140F8FEB1667 /* ClipboardHistoryTests.swift */ = {isa = PBXFileReference; lastKnownFileType = sourcecode.swift; path = ClipboardHistoryTests.swift; sourceTree = "<group>"; };
		396D44A07DE95A000C7627D0 /* KeyboardPrefsTests.swift */ = {isa = PBXFileReference; lastKnownFileType = sourcecode.swift; path = KeyboardPrefsTests.swift; sourceTree = "<group>"; };
		3CE214E0B998D01BC698998B /* KeyboardMetricsTests.swift */ = {isa = PBXFileReference; lastKnownFileType = sourcecode.swift; path = KeyboardMetricsTests.swift; sourceTree = "<group>"; };
		524D3943A19BA98402D9549F /* SlashScreenshotRenderTests.swift */ = {isa = PBXFileReference; lastKnownFileType = sourcecode.swift; path = SlashScreenshotRenderTests.swift; sourceTree = "<group>"; };
		54003BE0AD4A0942B2C7D0F1 /* ExtraRowPresetTests.swift */ = {isa = PBXFileReference; lastKnownFileType = sourcecode.swift; path = ExtraRowPresetTests.swift; sourceTree = "<group>"; };
		62CD2B5A99C09A3BD18B1B2C /* ContentView.swift */ = {isa = PBXFileReference; lastKnownFileType = sourcecode.swift; path = ContentView.swift; sourceTree = "<group>"; };
		64762D93ADF3F2AB82F1A548 /* TerminalInputMappingTests.swift */ = {isa = PBXFileReference; lastKnownFileType = sourcecode.swift; path = TerminalInputMappingTests.swift; sourceTree = "<group>"; };
		665662BFA6DECCD61154BEE8 /* Info.plist */ = {isa = PBXFileReference; lastKnownFileType = text.plist; path = Info.plist; sourceTree = "<group>"; };
		686608D07F38BF2952BC2A05 /* WordBoundaryTests.swift */ = {isa = PBXFileReference; lastKnownFileType = sourcecode.swift; path = WordBoundaryTests.swift; sourceTree = "<group>"; };
		7588DD4C7951CF1F99C3A433 /* HostTerminalView.swift */ = {isa = PBXFileReference; lastKnownFileType = sourcecode.swift; path = HostTerminalView.swift; sourceTree = "<group>"; };
		88516F15428436E247E65FD4 /* AppGroupHostStore.swift */ = {isa = PBXFileReference; lastKnownFileType = sourcecode.swift; path = AppGroupHostStore.swift; sourceTree = "<group>"; };
		8BD88603C1C49C4DCF6E4364 /* KeyboardStressTests.swift */ = {isa = PBXFileReference; lastKnownFileType = sourcecode.swift; path = KeyboardStressTests.swift; sourceTree = "<group>"; };
		97D63ED3E15ECBC88F45E3B6 /* InputViewAudioFeedback.swift */ = {isa = PBXFileReference; lastKnownFileType = sourcecode.swift; path = InputViewAudioFeedback.swift; sourceTree = "<group>"; };
		98604D5BA08246970836FD92 /* KeyboardLayersTests.swift */ = {isa = PBXFileReference; lastKnownFileType = sourcecode.swift; path = KeyboardLayersTests.swift; sourceTree = "<group>"; };
		98623C822345E60C48D7464D /* Assets.xcassets */ = {isa = PBXFileReference; lastKnownFileType = folder.assetcatalog; path = Assets.xcassets; sourceTree = "<group>"; };
		99A67662436F2C1180E1376F /* KeyJawnKit */ = {isa = PBXFileReference; lastKnownFileType = folder; name = KeyJawnKit; path = KeyJawnKit; sourceTree = SOURCE_ROOT; };
		9B940C548C192782A1073E16 /* HostConfigTests.swift */ = {isa = PBXFileReference; lastKnownFileType = sourcecode.swift; path = HostConfigTests.swift; sourceTree = "<group>"; };
		A19791E47A6CF77CB424FCAC /* KeyboardIMETests.swift */ = {isa = PBXFileReference; lastKnownFileType = sourcecode.swift; path = KeyboardIMETests.swift; sourceTree = "<group>"; };
		A6274AD171FD2D143D7DFDAC /* PasswordPromptView.swift */ = {isa = PBXFileReference; lastKnownFileType = sourcecode.swift; path = PasswordPromptView.swift; sourceTree = "<group>"; };
		AD9AC295E87CCA2D770BDB6A /* KeyJawnApp.swift */ = {isa = PBXFileReference; lastKnownFileType = sourcecode.swift; path = KeyJawnApp.swift; sourceTree = "<group>"; };
		AEF300C5B755C35A8B51FED3 /* SettingsView.swift */ = {isa = PBXFileReference; lastKnownFileType = sourcecode.swift; path = SettingsView.swift; sourceTree = "<group>"; };
		B5418E5BFCD5CA8FE0DDDAC5 /* HostEditView.swift */ = {isa = PBXFileReference; lastKnownFileType = sourcecode.swift; path = HostEditView.swift; sourceTree = "<group>"; };
		B581E797ADEF1572390A6096 /* KeyboardViewController.swift */ = {isa = PBXFileReference; lastKnownFileType = sourcecode.swift; path = KeyboardViewController.swift; sourceTree = "<group>"; };
		B9DF2807E8DD4CB2A02999BA /* SlashCommandTests.swift */ = {isa = PBXFileReference; lastKnownFileType = sourcecode.swift; path = SlashCommandTests.swift; sourceTree = "<group>"; };
		BC5405F0BD516F74C8E0EED5 /* HostStore.swift */ = {isa = PBXFileReference; lastKnownFileType = sourcecode.swift; path = HostStore.swift; sourceTree = "<group>"; };
		C3ABDD7F74E5CC85881A5948 /* OnboardingView.swift */ = {isa = PBXFileReference; lastKnownFileType = sourcecode.swift; path = OnboardingView.swift; sourceTree = "<group>"; };
		D02EAAA4D51DA2E825C9B5BA /* CtrlStateTests.swift */ = {isa = PBXFileReference; lastKnownFileType = sourcecode.swift; path = CtrlStateTests.swift; sourceTree = "<group>"; };
		D5835AD51EEE0C920DE898BD /* AltKeyMappingsTests.swift */ = {isa = PBXFileReference; lastKnownFileType = sourcecode.swift; path = AltKeyMappingsTests.swift; sourceTree = "<group>"; };
		D9913D1DFEB392733BA6B353 /* KeyJawnKitTests.xctest */ = {isa = PBXFileReference; includeInIndex = 0; lastKnownFileType = wrapper.cfbundle; path = KeyJawnKitTests.xctest; sourceTree = BUILT_PRODUCTS_DIR; };
		D9C051D02F5B8C10F3E75D7A /* CitadelSCPUploader.swift */ = {isa = PBXFileReference; lastKnownFileType = sourcecode.swift; path = CitadelSCPUploader.swift; sourceTree = "<group>"; };
		DB7A1E2373DA280920653B41 /* SharedSSHKeyStore.swift */ = {isa = PBXFileReference; lastKnownFileType = sourcecode.swift; path = SharedSSHKeyStore.swift; sourceTree = "<group>"; };
		DE81ADA79A468E5CF872E5B1 /* ANSISequenceTests.swift */ = {isa = PBXFileReference; lastKnownFileType = sourcecode.swift; path = ANSISequenceTests.swift; sourceTree = "<group>"; };
		DF6FA031277F874D263EF7AD /* TerminalViewController.swift */ = {isa = PBXFileReference; lastKnownFileType = sourcecode.swift; path = TerminalViewController.swift; sourceTree = "<group>"; };
		F295D7985B88063D1F195088 /* TerminalInputView.swift */ = {isa = PBXFileReference; lastKnownFileType = sourcecode.swift; path = TerminalInputView.swift; sourceTree = "<group>"; };
		F48343C46F1026C97DFEE5F1 /* OnboardingTests.swift */ = {isa = PBXFileReference; lastKnownFileType = sourcecode.swift; path = OnboardingTests.swift; sourceTree = "<group>"; };
		FAA8A921E20FE294CCFC815A /* KeyboardThemeContrastTests.swift */ = {isa = PBXFileReference; lastKnownFileType = sourcecode.swift; path = KeyboardThemeContrastTests.swift; sourceTree = "<group>"; };
/* End PBXFileReference section */

/* Begin PBXFrameworksBuildPhase section */
		46250930F872E7A12C3E9EBD /* Frameworks */ = {
			isa = PBXFrameworksBuildPhase;
			buildActionMask = 2147483647;
			files = (
				BD84EA7B58CE9D2536EADB34 /* KeyJawnKit in Frameworks */,
			);
			runOnlyForDeploymentPostprocessing = 0;
		};
		665CFC2E5492C3D48C05C775 /* Frameworks */ = {
			isa = PBXFrameworksBuildPhase;
			buildActionMask = 2147483647;
			files = (
				A9DB22FF0F4C815305CC6106 /* KeyJawnKit in Frameworks */,
				CA738FCA57272508A304C827 /* SwiftTerm in Frameworks */,
				6350BC0215D4AF763D7B6A6B /* Citadel in Frameworks */,
				B958AD522581630C2F77C218 /* NIOCore in Frameworks */,
				C2F8D707F7F9F58DA50E2A7F /* NIOPosix in Frameworks */,
				76503EE687E0F88885DD27DE /* NIOSSH in Frameworks */,
			);
			runOnlyForDeploymentPostprocessing = 0;
		};
		7D5E467AA933C5A8635C1105 /* Frameworks */ = {
			isa = PBXFrameworksBuildPhase;
			buildActionMask = 2147483647;
			files = (
				9DA97D841DD222F4BC99CFC9 /* KeyJawnKit in Frameworks */,
				D4959C7C420241BE04B8CD59 /* Citadel in Frameworks */,
				BB7A5E0F892D8EA9821654B3 /* NIOCore in Frameworks */,
				EF86DC91B3F6A441505BFFF0 /* NIOSSH in Frameworks */,
			);
			runOnlyForDeploymentPostprocessing = 0;
		};
/* End PBXFrameworksBuildPhase section */

/* Begin PBXGroup section */
		156C691CD02ADC5BE9D37C37 /* Terminal */ = {
			isa = PBXGroup;
			children = (
				23A4B394C56787E8E05B58A1 /* SSHSession.swift */,
				F295D7985B88063D1F195088 /* TerminalInputView.swift */,
				DF6FA031277F874D263EF7AD /* TerminalViewController.swift */,
			);
			path = Terminal;
			sourceTree = "<group>";
		};
		5503FF00C9C11DFDC8F1798D /* Store */ = {
			isa = PBXGroup;
			children = (
				BC5405F0BD516F74C8E0EED5 /* HostStore.swift */,
				2DE62DD6DE973B1FB26C0314 /* SSHKeyStore.swift */,
			);
			path = Store;
			sourceTree = "<group>";
		};
		5C348A9867C54DD9765F499B /* Tests */ = {
			isa = PBXGroup;
			children = (
				D5835AD51EEE0C920DE898BD /* AltKeyMappingsTests.swift */,
				DE81ADA79A468E5CF872E5B1 /* ANSISequenceTests.swift */,
				38264316C6A0140F8FEB1667 /* ClipboardHistoryTests.swift */,
				D02EAAA4D51DA2E825C9B5BA /* CtrlStateTests.swift */,
				54003BE0AD4A0942B2C7D0F1 /* ExtraRowPresetTests.swift */,
				9B940C548C192782A1073E16 /* HostConfigTests.swift */,
				2D7B5B0254BBE72FA1A9ADA0 /* KeyboardInsertPathTests.swift */,
				98604D5BA08246970836FD92 /* KeyboardLayersTests.swift */,
				3CE214E0B998D01BC698998B /* KeyboardMetricsTests.swift */,
				396D44A07DE95A000C7627D0 /* KeyboardPrefsTests.swift */,
				8BD88603C1C49C4DCF6E4364 /* KeyboardStressTests.swift */,
				FAA8A921E20FE294CCFC815A /* KeyboardThemeContrastTests.swift */,
				F48343C46F1026C97DFEE5F1 /* OnboardingTests.swift */,
				B9DF2807E8DD4CB2A02999BA /* SlashCommandTests.swift */,
				524D3943A19BA98402D9549F /* SlashScreenshotRenderTests.swift */,
				64762D93ADF3F2AB82F1A548 /* TerminalInputMappingTests.swift */,
				686608D07F38BF2952BC2A05 /* WordBoundaryTests.swift */,
			);
			path = Tests;
			sourceTree = "<group>";
		};
		5FAE6907FF19D4FF99CBBFEE /* KeyJawn */ = {
			isa = PBXGroup;
			children = (
				D6EA56F0196ABB9D8094E703 /* App */,
				7BCD4795F9E1ACD944294130 /* Hosts */,
				8E4EBFABD25F91780E7231E1 /* Settings */,
				5503FF00C9C11DFDC8F1798D /* Store */,
				156C691CD02ADC5BE9D37C37 /* Terminal */,
				98623C822345E60C48D7464D /* Assets.xcassets */,
				665662BFA6DECCD61154BEE8 /* Info.plist */,
			);
			path = KeyJawn;
			sourceTree = "<group>";
		};
		7BCD4795F9E1ACD944294130 /* Hosts */ = {
			isa = PBXGroup;
			children = (
				B5418E5BFCD5CA8FE0DDDAC5 /* HostEditView.swift */,
				301482A615F90B93947563BC /* HostListView.swift */,
				7588DD4C7951CF1F99C3A433 /* HostTerminalView.swift */,
				A6274AD171FD2D143D7DFDAC /* PasswordPromptView.swift */,
			);
			path = Hosts;
			sourceTree = "<group>";
		};
		84FDAD7891497578203FF372 /* UITests */ = {
			isa = PBXGroup;
			children = (
				A19791E47A6CF77CB424FCAC /* KeyboardIMETests.swift */,
				33E1CA9E994C39BD29662DF0 /* LaunchFlowTests.swift */,
			);
			path = UITests;
			sourceTree = "<group>";
		};
		8E4EBFABD25F91780E7231E1 /* Settings */ = {
			isa = PBXGroup;
			children = (
				AEF300C5B755C35A8B51FED3 /* SettingsView.swift */,
				2CC90B529187AE9DAFC1CDE6 /* SSHKeysView.swift */,
			);
			path = Settings;
			sourceTree = "<group>";
		};
		B0C968F9E2B99A69F54EEB84 /* KeyJawnKeyboard */ = {
			isa = PBXGroup;
			children = (
				88516F15428436E247E65FD4 /* AppGroupHostStore.swift */,
				2B92C187EB65640055598EB8 /* Info.plist */,
				97D63ED3E15ECBC88F45E3B6 /* InputViewAudioFeedback.swift */,
				B581E797ADEF1572390A6096 /* KeyboardViewController.swift */,
				DB7A1E2373DA280920653B41 /* SharedSSHKeyStore.swift */,
			);
			path = KeyJawnKeyboard;
			sourceTree = "<group>";
		};
		B6F9E3CE713D092F9DF0D5CB /* Products */ = {
			isa = PBXGroup;
			children = (
				1455FBB90189E98F89DA75E3 /* KeyJawn.app */,
				22D494658DBEB0D051FF4A8C /* KeyJawnKeyboard.appex */,
				D9913D1DFEB392733BA6B353 /* KeyJawnKitTests.xctest */,
				2B762F3DAF0B75F1359515C7 /* KeyJawnUITests.xctest */,
			);
			name = Products;
			sourceTree = "<group>";
		};
		BFFD31A5D7E5989EFA817A79 /* Shared */ = {
			isa = PBXGroup;
			children = (
				D9C051D02F5B8C10F3E75D7A /* CitadelSCPUploader.swift */,
			);
			path = Shared;
			sourceTree = "<group>";
		};
		C9F78F23B732FA5959061518 = {
			isa = PBXGroup;
			children = (
				5FAE6907FF19D4FF99CBBFEE /* KeyJawn */,
				B0C968F9E2B99A69F54EEB84 /* KeyJawnKeyboard */,
				EA6DC54EB5C8ABF2BCAB440C /* Packages */,
				BFFD31A5D7E5989EFA817A79 /* Shared */,
				5C348A9867C54DD9765F499B /* Tests */,
				84FDAD7891497578203FF372 /* UITests */,
				B6F9E3CE713D092F9DF0D5CB /* Products */,
			);
			sourceTree = "<group>";
		};
		D6EA56F0196ABB9D8094E703 /* App */ = {
			isa = PBXGroup;
			children = (
				62CD2B5A99C09A3BD18B1B2C /* ContentView.swift */,
				AD9AC295E87CCA2D770BDB6A /* KeyJawnApp.swift */,
				C3ABDD7F74E5CC85881A5948 /* OnboardingView.swift */,
			);
			path = App;
			sourceTree = "<group>";
		};
		EA6DC54EB5C8ABF2BCAB440C /* Packages */ = {
			isa = PBXGroup;
			children = (
				99A67662436F2C1180E1376F /* KeyJawnKit */,
			);
			name = Packages;
			sourceTree = "<group>";
		};
/* End PBXGroup section */

/* Begin PBXNativeTarget section */
		0E4E1897990EBD0D75A999D8 /* KeyJawnUITests */ = {
			isa = PBXNativeTarget;
			buildConfigurationList = 77FC151590805AE890AEF32E /* Build configuration list for PBXNativeTarget "KeyJawnUITests" */;
			buildPhases = (
				81E425E8AC51FAB31E07BA60 /* Sources */,
			);
			buildRules = (
			);
			dependencies = (
				2C116E5DC6F3751BC425A5DB /* PBXTargetDependency */,
			);
			name = KeyJawnUITests;
			packageProductDependencies = (
			);
			productName = KeyJawnUITests;
			productReference = 2B762F3DAF0B75F1359515C7 /* KeyJawnUITests.xctest */;
			productType = "com.apple.product-type.bundle.ui-testing";
		};
		8524D9D4D7AA4286DF9B7EDC /* KeyJawnKitTests */ = {
			isa = PBXNativeTarget;
			buildConfigurationList = 358BE103B2FA779246962531 /* Build configuration list for PBXNativeTarget "KeyJawnKitTests" */;
			buildPhases = (
				0AB17E96A9D99CC4392C1B0C /* Sources */,
				46250930F872E7A12C3E9EBD /* Frameworks */,
			);
			buildRules = (
			);
			dependencies = (
				A55923E7E31E061347032269 /* PBXTargetDependency */,
			);
			name = KeyJawnKitTests;
			packageProductDependencies = (
				77314FC70430F6B0FC36684C /* KeyJawnKit */,
			);
			productName = KeyJawnKitTests;
			productReference = D9913D1DFEB392733BA6B353 /* KeyJawnKitTests.xctest */;
			productType = "com.apple.product-type.bundle.unit-test";
		};
		8DE24E0AF7D60F6E8E2BA73E /* KeyJawn */ = {
			isa = PBXNativeTarget;
			buildConfigurationList = E00B304EAF9FA63522412A8B /* Build configuration list for PBXNativeTarget "KeyJawn" */;
			buildPhases = (
				9716FCDCB5893D281E440D0B /* Sources */,
				EB0779E2B1771FDE9FDDBEDC /* Resources */,
				665CFC2E5492C3D48C05C775 /* Frameworks */,
				1887A288A1730F24624F2071 /* Embed Foundation Extensions */,
			);
			buildRules = (
			);
			dependencies = (
				73EE9FD7C88FD0DB3551B66B /* PBXTargetDependency */,
			);
			name = KeyJawn;
			packageProductDependencies = (
				D3233B073CCE7B0FEFB818EA /* KeyJawnKit */,
				DBC5B9DCB9FBC1D3E054CE8F /* SwiftTerm */,
				CB9AD386707E3751FAD823A1 /* Citadel */,
				9319CFF9722F6941701039BF /* NIOCore */,
				2C94B23FBDB89626C8A0294C /* NIOPosix */,
				974D61CF6F7ADA4824D53DC7 /* NIOSSH */,
			);
			productName = KeyJawn;
			productReference = 1455FBB90189E98F89DA75E3 /* KeyJawn.app */;
			productType = "com.apple.product-type.application";
		};
		D49A0F8A52046B2B5DB06FC5 /* KeyJawnKeyboard */ = {
			isa = PBXNativeTarget;
			buildConfigurationList = 583BB0090DF66C4B0088B727 /* Build configuration list for PBXNativeTarget "KeyJawnKeyboard" */;
			buildPhases = (
				237E92B592B1ABCED91EE6C6 /* Sources */,
				7D5E467AA933C5A8635C1105 /* Frameworks */,
			);
			buildRules = (
			);
			dependencies = (
			);
			name = KeyJawnKeyboard;
			packageProductDependencies = (
				1BD7D5FD852EEF611DFEF3BA /* KeyJawnKit */,
				060BD31A2DD85CF9C0F6FE6F /* Citadel */,
				C5D92697896E36FD6161FB69 /* NIOCore */,
				E6BD72243EA2001DD46465E8 /* NIOSSH */,
			);
			productName = KeyJawnKeyboard;
			productReference = 22D494658DBEB0D051FF4A8C /* KeyJawnKeyboard.appex */;
			productType = "com.apple.product-type.app-extension";
		};
/* End PBXNativeTarget section */

/* Begin PBXProject section */
		CCE8758E3FDE1B4AD2B13B6F /* Project object */ = {
			isa = PBXProject;
			attributes = {
				BuildIndependentTargetsInParallel = YES;
				LastUpgradeCheck = 2620;
				TargetAttributes = {
					0E4E1897990EBD0D75A999D8 = {
						DevelopmentTeam = 5624SD289G;
						ProvisioningStyle = Automatic;
						TestTargetID = 8DE24E0AF7D60F6E8E2BA73E;
					};
					8524D9D4D7AA4286DF9B7EDC = {
						DevelopmentTeam = 5624SD289G;
						ProvisioningStyle = Automatic;
					};
					8DE24E0AF7D60F6E8E2BA73E = {
						DevelopmentTeam = 5624SD289G;
					};
					D49A0F8A52046B2B5DB06FC5 = {
						DevelopmentTeam = 5624SD289G;
					};
				};
			};
			buildConfigurationList = C5472142762481BD1C7B81D5 /* Build configuration list for PBXProject "KeyJawn" */;
			compatibilityVersion = "Xcode 14.0";
			developmentRegion = en;
			hasScannedForEncodings = 0;
			knownRegions = (
				Base,
				en,
			);
			mainGroup = C9F78F23B732FA5959061518;
			minimizedProjectReferenceProxies = 1;
			packageReferences = (
				4435EB56219D1AEF4C3147DE /* XCRemoteSwiftPackageReference "Citadel" */,
				E40D541DF4CADBAB4CD9CCCB /* XCRemoteSwiftPackageReference "swift-nio" */,
				1E63AA3983889C46E6005E9E /* XCRemoteSwiftPackageReference "swift-nio-ssh" */,
				05B7D614E2AAC85421DE92CC /* XCRemoteSwiftPackageReference "SwiftTerm" */,
				110CA06B401C7ED704453078 /* XCLocalSwiftPackageReference "KeyJawnKit" */,
			);
			preferredProjectObjectVersion = 77;
			projectDirPath = "";
			projectRoot = "";
			targets = (
				8DE24E0AF7D60F6E8E2BA73E /* KeyJawn */,
				D49A0F8A52046B2B5DB06FC5 /* KeyJawnKeyboard */,
				8524D9D4D7AA4286DF9B7EDC /* KeyJawnKitTests */,
				0E4E1897990EBD0D75A999D8 /* KeyJawnUITests */,
			);
		};
/* End PBXProject section */

/* Begin PBXResourcesBuildPhase section */
		EB0779E2B1771FDE9FDDBEDC /* Resources */ = {
			isa = PBXResourcesBuildPhase;
			buildActionMask = 2147483647;
			files = (
				35BA636F86655A1E133B3BB2 /* Assets.xcassets in Resources */,
			);
			runOnlyForDeploymentPostprocessing = 0;
		};
/* End PBXResourcesBuildPhase section */

/* Begin PBXSourcesBuildPhase section */
		0AB17E96A9D99CC4392C1B0C /* Sources */ = {
			isa = PBXSourcesBuildPhase;
			buildActionMask = 2147483647;
			files = (
				DE63F87E7794F4FF03DA7A43 /* ANSISequenceTests.swift in Sources */,
				68B2C30E8CD52FC6DE13253C /* AltKeyMappingsTests.swift in Sources */,
				3E7E682B7731F46E6D232280 /* ClipboardHistoryTests.swift in Sources */,
				5D3FA20C7AADA0E3754284D5 /* CtrlStateTests.swift in Sources */,
				CCDB3D09BF10D8B0C6C4B9BD /* ExtraRowPresetTests.swift in Sources */,
				C2CB34B81FFC8B56D356D8AF /* HostConfigTests.swift in Sources */,
				DF7E0C0E55646C2A8443B118 /* KeyboardInsertPathTests.swift in Sources */,
				EAD2BFA42A42418E10696035 /* KeyboardLayersTests.swift in Sources */,
				227F4E52BB865C7B00BA9167 /* KeyboardMetricsTests.swift in Sources */,
				5A51BC905F126948A48544C7 /* KeyboardPrefsTests.swift in Sources */,
				A58E56EF6474C8DBC8512A2F /* KeyboardStressTests.swift in Sources */,
				12AE43CD002393743BACEB75 /* KeyboardThemeContrastTests.swift in Sources */,
				15533E56B3ECB76AAEE83116 /* OnboardingTests.swift in Sources */,
				C01DB065ADBBD129FDFA832F /* SlashCommandTests.swift in Sources */,
				E488DF8C0300EA5A5A26626B /* SlashScreenshotRenderTests.swift in Sources */,
				3694F662CD2D10BFC8388AF2 /* TerminalInputMappingTests.swift in Sources */,
				A793BD0FFA4FDCD6DA278117 /* WordBoundaryTests.swift in Sources */,
			);
			runOnlyForDeploymentPostprocessing = 0;
		};
		237E92B592B1ABCED91EE6C6 /* Sources */ = {
			isa = PBXSourcesBuildPhase;
			buildActionMask = 2147483647;
			files = (
				306C46342B0B52F882443953 /* AppGroupHostStore.swift in Sources */,
				64F0A7BFAD402AB5064BA7A1 /* CitadelSCPUploader.swift in Sources */,
				348C2A63B6E68B94EE380311 /* InputViewAudioFeedback.swift in Sources */,
				30FBF6554FC7A6F5548299C1 /* KeyboardViewController.swift in Sources */,
				1C5FD6A31F1A4AFF704FFF74 /* SharedSSHKeyStore.swift in Sources */,
			);
			runOnlyForDeploymentPostprocessing = 0;
		};
		81E425E8AC51FAB31E07BA60 /* Sources */ = {
			isa = PBXSourcesBuildPhase;
			buildActionMask = 2147483647;
			files = (
				B6C2D23E9D71B57A14E105FD /* KeyboardIMETests.swift in Sources */,
				B986125E4F44A5EC63F660C4 /* LaunchFlowTests.swift in Sources */,
			);
			runOnlyForDeploymentPostprocessing = 0;
		};
		9716FCDCB5893D281E440D0B /* Sources */ = {
			isa = PBXSourcesBuildPhase;
			buildActionMask = 2147483647;
			files = (
				08A795D28CCACD6079370712 /* CitadelSCPUploader.swift in Sources */,
				5DF5361C7BE43FB5D0F34CA5 /* ContentView.swift in Sources */,
				ED013FF5D11FE489D6798508 /* HostEditView.swift in Sources */,
				68B8A22CEFDB19DE99CA2EB5 /* HostListView.swift in Sources */,
				7E2C29A442AE9E2630A2F301 /* HostStore.swift in Sources */,
				1F3BC0FB1DEE09CF9586840D /* HostTerminalView.swift in Sources */,
				1F6BA06DD660C887B3E1F79C /* KeyJawnApp.swift in Sources */,
				5E5AAF93DC09AC4305BDA08D /* OnboardingView.swift in Sources */,
				EB892014C8DC6C2A3258F241 /* PasswordPromptView.swift in Sources */,
				C5D73FD296E1B9A8CD97626C /* SSHKeyStore.swift in Sources */,
				AA523563B70682B4341E113C /* SSHKeysView.swift in Sources */,
				32EB71B5DE76A94E371D71A0 /* SSHSession.swift in Sources */,
				67B39BE35B75861A3813BF5C /* SettingsView.swift in Sources */,
				D833730B6D5B5B7CD1D39B17 /* TerminalInputView.swift in Sources */,
				5A4CC73980A76F9DB9E5A5E2 /* TerminalViewController.swift in Sources */,
			);
			runOnlyForDeploymentPostprocessing = 0;
		};
/* End PBXSourcesBuildPhase section */

/* Begin PBXTargetDependency section */
		2C116E5DC6F3751BC425A5DB /* PBXTargetDependency */ = {
			isa = PBXTargetDependency;
			target = 8DE24E0AF7D60F6E8E2BA73E /* KeyJawn */;
			targetProxy = 87E90F807D474A3484B00E20 /* PBXContainerItemProxy */;
		};
		73EE9FD7C88FD0DB3551B66B /* PBXTargetDependency */ = {
			isa = PBXTargetDependency;
			target = D49A0F8A52046B2B5DB06FC5 /* KeyJawnKeyboard */;
			targetProxy = E4D89C23F9C0FA756FEF3DAF /* PBXContainerItemProxy */;
		};
		A55923E7E31E061347032269 /* PBXTargetDependency */ = {
			isa = PBXTargetDependency;
			target = 8DE24E0AF7D60F6E8E2BA73E /* KeyJawn */;
			targetProxy = 563D214484F90B42E8D0A3E8 /* PBXContainerItemProxy */;
		};
/* End PBXTargetDependency section */

/* Begin XCBuildConfiguration section */
		299A41D8E4D0CABC0564DEC1 /* Debug */ = {
			isa = XCBuildConfiguration;
			buildSettings = {
				BUNDLE_LOADER = "$(TEST_HOST)";
				CODE_SIGN_STYLE = Automatic;
				DEVELOPMENT_TEAM = 5624SD289G;
				GENERATE_INFOPLIST_FILE = YES;
				IPHONEOS_DEPLOYMENT_TARGET = 17.0;
				LD_RUNPATH_SEARCH_PATHS = (
					"$(inherited)",
					"@executable_path/Frameworks",
					"@loader_path/Frameworks",
				);
				PRODUCT_BUNDLE_IDENTIFIER = com.keyjawn.uitests;
				SDKROOT = iphoneos;
				SWIFT_VERSION = 6.0;
				TARGETED_DEVICE_FAMILY = "1,2";
				TEST_TARGET_NAME = KeyJawn;
			};
			name = Debug;
		};
		2AFA74702DA362ABD727849D /* Debug */ = {
			isa = XCBuildConfiguration;
			buildSettings = {
				BUNDLE_LOADER = "$(TEST_HOST)";
				CODE_SIGN_STYLE = Automatic;
				DEVELOPMENT_TEAM = 5624SD289G;
				GENERATE_INFOPLIST_FILE = YES;
				IPHONEOS_DEPLOYMENT_TARGET = 17.0;
				LD_RUNPATH_SEARCH_PATHS = (
					"$(inherited)",
					"@executable_path/Frameworks",
					"@loader_path/Frameworks",
				);
				PRODUCT_BUNDLE_IDENTIFIER = com.keyjawn.tests;
				SDKROOT = iphoneos;
				SWIFT_VERSION = 6.0;
				TARGETED_DEVICE_FAMILY = "1,2";
				TEST_HOST = "$(BUILT_PRODUCTS_DIR)/KeyJawn.app/$(BUNDLE_EXECUTABLE_FOLDER_PATH)/KeyJawn";
			};
			name = Debug;
		};
		478B7335DAD39DF8D4D8DDC3 /* Release */ = {
			isa = XCBuildConfiguration;
			buildSettings = {
				ALWAYS_SEARCH_USER_PATHS = NO;
				CLANG_ANALYZER_NONNULL = YES;
				CLANG_ANALYZER_NUMBER_OBJECT_CONVERSION = YES_AGGRESSIVE;
				CLANG_CXX_LANGUAGE_STANDARD = "gnu++14";
				CLANG_CXX_LIBRARY = "libc++";
				CLANG_ENABLE_MODULES = YES;
				CLANG_ENABLE_OBJC_ARC = YES;
				CLANG_ENABLE_OBJC_WEAK = YES;
				CLANG_WARN_BLOCK_CAPTURE_AUTORELEASING = YES;
				CLANG_WARN_BOOL_CONVERSION = YES;
				CLANG_WARN_COMMA = YES;
				CLANG_WARN_CONSTANT_CONVERSION = YES;
				CLANG_WARN_DEPRECATED_OBJC_IMPLEMENTATIONS = YES;
				CLANG_WARN_DIRECT_OBJC_ISA_USAGE = YES_ERROR;
				CLANG_WARN_DOCUMENTATION_COMMENTS = YES;
				CLANG_WARN_EMPTY_BODY = YES;
				CLANG_WARN_ENUM_CONVERSION = YES;
				CLANG_WARN_INFINITE_RECURSION = YES;
				CLANG_WARN_INT_CONVERSION = YES;
				CLANG_WARN_NON_LITERAL_NULL_CONVERSION = YES;
				CLANG_WARN_OBJC_IMPLICIT_RETAIN_SELF = YES;
				CLANG_WARN_OBJC_LITERAL_CONVERSION = YES;
				CLANG_WARN_OBJC_ROOT_CLASS = YES_ERROR;
				CLANG_WARN_QUOTED_INCLUDE_IN_FRAMEWORK_HEADER = YES;
				CLANG_WARN_RANGE_LOOP_ANALYSIS = YES;
				CLANG_WARN_STRICT_PROTOTYPES = YES;
				CLANG_WARN_SUSPICIOUS_MOVE = YES;
				CLANG_WARN_UNGUARDED_AVAILABILITY = YES_AGGRESSIVE;
				CLANG_WARN_UNREACHABLE_CODE = YES;
				CLANG_WARN__DUPLICATE_METHOD_MATCH = YES;
				COPY_PHASE_STRIP = NO;
				DEBUG_INFORMATION_FORMAT = "dwarf-with-dsym";
				ENABLE_NS_ASSERTIONS = NO;
				ENABLE_STRICT_OBJC_MSGSEND = YES;
				GCC_C_LANGUAGE_STANDARD = gnu11;
				GCC_NO_COMMON_BLOCKS = YES;
				GCC_WARN_64_TO_32_BIT_CONVERSION = YES;
				GCC_WARN_ABOUT_RETURN_TYPE = YES_ERROR;
				GCC_WARN_UNDECLARED_SELECTOR = YES;
				GCC_WARN_UNINITIALIZED_AUTOS = YES_AGGRESSIVE;
				GCC_WARN_UNUSED_FUNCTION = YES;
				GCC_WARN_UNUSED_VARIABLE = YES;
				IPHONEOS_DEPLOYMENT_TARGET = 17.0;
				MTL_ENABLE_DEBUG_INFO = NO;
				MTL_FAST_MATH = YES;
				PRODUCT_NAME = "$(TARGET_NAME)";
				SDKROOT = iphoneos;
				SWIFT_COMPILATION_MODE = wholemodule;
				SWIFT_OPTIMIZATION_LEVEL = "-O";
				SWIFT_VERSION = 5.0;
			};
			name = Release;
		};
		62A24207A2AB3AB64BEE96AD /* Release */ = {
			isa = XCBuildConfiguration;
			buildSettings = {
				BUNDLE_LOADER = "$(TEST_HOST)";
				CODE_SIGN_STYLE = Automatic;
				DEVELOPMENT_TEAM = 5624SD289G;
				GENERATE_INFOPLIST_FILE = YES;
				IPHONEOS_DEPLOYMENT_TARGET = 17.0;
				LD_RUNPATH_SEARCH_PATHS = (
					"$(inherited)",
					"@executable_path/Frameworks",
					"@loader_path/Frameworks",
				);
				PRODUCT_BUNDLE_IDENTIFIER = com.keyjawn.uitests;
				SDKROOT = iphoneos;
				SWIFT_VERSION = 6.0;
				TARGETED_DEVICE_FAMILY = "1,2";
				TEST_TARGET_NAME = KeyJawn;
			};
			name = Release;
		};
		6FDEB70B1A31C996071332D8 /* Debug */ = {
			isa = XCBuildConfiguration;
			buildSettings = {
				ALWAYS_SEARCH_USER_PATHS = NO;
				CLANG_ANALYZER_NONNULL = YES;
				CLANG_ANALYZER_NUMBER_OBJECT_CONVERSION = YES_AGGRESSIVE;
				CLANG_CXX_LANGUAGE_STANDARD = "gnu++14";
				CLANG_CXX_LIBRARY = "libc++";
				CLANG_ENABLE_MODULES = YES;
				CLANG_ENABLE_OBJC_ARC = YES;
				CLANG_ENABLE_OBJC_WEAK = YES;
				CLANG_WARN_BLOCK_CAPTURE_AUTORELEASING = YES;
				CLANG_WARN_BOOL_CONVERSION = YES;
				CLANG_WARN_COMMA = YES;
				CLANG_WARN_CONSTANT_CONVERSION = YES;
				CLANG_WARN_DEPRECATED_OBJC_IMPLEMENTATIONS = YES;
				CLANG_WARN_DIRECT_OBJC_ISA_USAGE = YES_ERROR;
				CLANG_WARN_DOCUMENTATION_COMMENTS = YES;
				CLANG_WARN_EMPTY_BODY = YES;
				CLANG_WARN_ENUM_CONVERSION = YES;
				CLANG_WARN_INFINITE_RECURSION = YES;
				CLANG_WARN_INT_CONVERSION = YES;
				CLANG_WARN_NON_LITERAL_NULL_CONVERSION = YES;
				CLANG_WARN_OBJC_IMPLICIT_RETAIN_SELF = YES;
				CLANG_WARN_OBJC_LITERAL_CONVERSION = YES;
				CLANG_WARN_OBJC_ROOT_CLASS = YES_ERROR;
				CLANG_WARN_QUOTED_INCLUDE_IN_FRAMEWORK_HEADER = YES;
				CLANG_WARN_RANGE_LOOP_ANALYSIS = YES;
				CLANG_WARN_STRICT_PROTOTYPES = YES;
				CLANG_WARN_SUSPICIOUS_MOVE = YES;
				CLANG_WARN_UNGUARDED_AVAILABILITY = YES_AGGRESSIVE;
				CLANG_WARN_UNREACHABLE_CODE = YES;
				CLANG_WARN__DUPLICATE_METHOD_MATCH = YES;
				COPY_PHASE_STRIP = NO;
				DEBUG_INFORMATION_FORMAT = dwarf;
				ENABLE_STRICT_OBJC_MSGSEND = YES;
				ENABLE_TESTABILITY = YES;
				GCC_C_LANGUAGE_STANDARD = gnu11;
				GCC_DYNAMIC_NO_PIC = NO;
				GCC_NO_COMMON_BLOCKS = YES;
				GCC_OPTIMIZATION_LEVEL = 0;
				GCC_PREPROCESSOR_DEFINITIONS = (
					"$(inherited)",
					"DEBUG=1",
				);
				GCC_WARN_64_TO_32_BIT_CONVERSION = YES;
				GCC_WARN_ABOUT_RETURN_TYPE = YES_ERROR;
				GCC_WARN_UNDECLARED_SELECTOR = YES;
				GCC_WARN_UNINITIALIZED_AUTOS = YES_AGGRESSIVE;
				GCC_WARN_UNUSED_FUNCTION = YES;
				GCC_WARN_UNUSED_VARIABLE = YES;
				IPHONEOS_DEPLOYMENT_TARGET = 17.0;
				MTL_ENABLE_DEBUG_INFO = INCLUDE_SOURCE;
				MTL_FAST_MATH = YES;
				ONLY_ACTIVE_ARCH = YES;
				PRODUCT_NAME = "$(TARGET_NAME)";
				SDKROOT = iphoneos;
				SWIFT_ACTIVE_COMPILATION_CONDITIONS = DEBUG;
				SWIFT_OPTIMIZATION_LEVEL = "-Onone";
				SWIFT_VERSION = 5.0;
			};
			name = Debug;
		};
		86A1354EE8BCEB722FEE8C75 /* Debug */ = {
			isa = XCBuildConfiguration;
			buildSettings = {
				CODE_SIGN_ENTITLEMENTS = Configuration/KeyJawnKeyboard.entitlements;
				CODE_SIGN_STYLE = Automatic;
				CURRENT_PROJECT_VERSION = 8;
				DEVELOPMENT_TEAM = 5624SD289G;
				INFOPLIST_FILE = KeyJawnKeyboard/Info.plist;
				IPHONEOS_DEPLOYMENT_TARGET = 17.0;
				LD_RUNPATH_SEARCH_PATHS = (
					"$(inherited)",
					"@executable_path/Frameworks",
					"@executable_path/../../Frameworks",
				);
				MARKETING_VERSION = 1.0.0;
				PRODUCT_BUNDLE_IDENTIFIER = com.keyjawn.keyboard;
				PRODUCT_NAME = KeyJawnKeyboard;
				SDKROOT = iphoneos;
				SWIFT_VERSION = 6.0;
				TARGETED_DEVICE_FAMILY = "1,2";
			};
			name = Debug;
		};
		A7E30AAC87AF32856812B94F /* Release */ = {
			isa = XCBuildConfiguration;
			buildSettings = {
				CODE_SIGN_ENTITLEMENTS = Configuration/KeyJawnKeyboard.entitlements;
				CODE_SIGN_IDENTITY = "iPhone Distribution";
				CODE_SIGN_STYLE = Manual;
				CURRENT_PROJECT_VERSION = 8;
				DEVELOPMENT_TEAM = 5624SD289G;
				INFOPLIST_FILE = KeyJawnKeyboard/Info.plist;
				IPHONEOS_DEPLOYMENT_TARGET = 17.0;
				LD_RUNPATH_SEARCH_PATHS = (
					"$(inherited)",
					"@executable_path/Frameworks",
					"@executable_path/../../Frameworks",
				);
				MARKETING_VERSION = 1.0.0;
				PRODUCT_BUNDLE_IDENTIFIER = com.keyjawn.keyboard;
				PRODUCT_NAME = KeyJawnKeyboard;
				PROVISIONING_PROFILE_SPECIFIER = "KeyJawn Keyboard AppStore";
				SDKROOT = iphoneos;
				SWIFT_VERSION = 6.0;
				TARGETED_DEVICE_FAMILY = "1,2";
			};
			name = Release;
		};
		C4C5222774657B204D4F17BF /* Release */ = {
			isa = XCBuildConfiguration;
			buildSettings = {
				BUNDLE_LOADER = "$(TEST_HOST)";
				CODE_SIGN_STYLE = Automatic;
				DEVELOPMENT_TEAM = 5624SD289G;
				GENERATE_INFOPLIST_FILE = YES;
				IPHONEOS_DEPLOYMENT_TARGET = 17.0;
				LD_RUNPATH_SEARCH_PATHS = (
					"$(inherited)",
					"@executable_path/Frameworks",
					"@loader_path/Frameworks",
				);
				PRODUCT_BUNDLE_IDENTIFIER = com.keyjawn.tests;
				SDKROOT = iphoneos;
				SWIFT_VERSION = 6.0;
				TARGETED_DEVICE_FAMILY = "1,2";
				TEST_HOST = "$(BUILT_PRODUCTS_DIR)/KeyJawn.app/$(BUNDLE_EXECUTABLE_FOLDER_PATH)/KeyJawn";
			};
			name = Release;
		};
		E6F1D58995AC59350BCB0EF8 /* Debug */ = {
			isa = XCBuildConfiguration;
			buildSettings = {
				ASSETCATALOG_COMPILER_APPICON_NAME = AppIcon;
				ASSETCATALOG_COMPILER_GLOBAL_ACCENT_COLOR_NAME = AccentColor;
				CODE_SIGN_ENTITLEMENTS = Configuration/KeyJawn.entitlements;
				CODE_SIGN_IDENTITY = "iPhone Developer";
				CODE_SIGN_STYLE = Automatic;
				CURRENT_PROJECT_VERSION = 8;
				DEVELOPMENT_TEAM = 5624SD289G;
				INFOPLIST_FILE = KeyJawn/Info.plist;
				IPHONEOS_DEPLOYMENT_TARGET = 17.0;
				LD_RUNPATH_SEARCH_PATHS = (
					"$(inherited)",
					"@executable_path/Frameworks",
				);
				MARKETING_VERSION = 1.0.0;
				PRODUCT_BUNDLE_IDENTIFIER = com.keyjawn;
				PRODUCT_NAME = KeyJawn;
				SDKROOT = iphoneos;
				SWIFT_VERSION = 6.0;
				TARGETED_DEVICE_FAMILY = "1,2";
			};
			name = Debug;
		};
		EC3D2D91A3FD02585D189656 /* Release */ = {
			isa = XCBuildConfiguration;
			buildSettings = {
				ASSETCATALOG_COMPILER_APPICON_NAME = AppIcon;
				ASSETCATALOG_COMPILER_GLOBAL_ACCENT_COLOR_NAME = AccentColor;
				CODE_SIGN_ENTITLEMENTS = Configuration/KeyJawn.entitlements;
				CODE_SIGN_IDENTITY = "iPhone Distribution";
				CODE_SIGN_STYLE = Manual;
				CURRENT_PROJECT_VERSION = 8;
				DEVELOPMENT_TEAM = 5624SD289G;
				INFOPLIST_FILE = KeyJawn/Info.plist;
				IPHONEOS_DEPLOYMENT_TARGET = 17.0;
				LD_RUNPATH_SEARCH_PATHS = (
					"$(inherited)",
					"@executable_path/Frameworks",
				);
				MARKETING_VERSION = 1.0.0;
				PRODUCT_BUNDLE_IDENTIFIER = com.keyjawn;
				PRODUCT_NAME = KeyJawn;
				PROVISIONING_PROFILE_SPECIFIER = "KeyJawn AppStore";
				SDKROOT = iphoneos;
				SWIFT_VERSION = 6.0;
				TARGETED_DEVICE_FAMILY = "1,2";
			};
			name = Release;
		};
/* End XCBuildConfiguration section */

/* Begin XCConfigurationList section */
		358BE103B2FA779246962531 /* Build configuration list for PBXNativeTarget "KeyJawnKitTests" */ = {
			isa = XCConfigurationList;
			buildConfigurations = (
				2AFA74702DA362ABD727849D /* Debug */,
				C4C5222774657B204D4F17BF /* Release */,
			);
			defaultConfigurationIsVisible = 0;
			defaultConfigurationName = Debug;
		};
		583BB0090DF66C4B0088B727 /* Build configuration list for PBXNativeTarget "KeyJawnKeyboard" */ = {
			isa = XCConfigurationList;
			buildConfigurations = (
				86A1354EE8BCEB722FEE8C75 /* Debug */,
				A7E30AAC87AF32856812B94F /* Release */,
			);
			defaultConfigurationIsVisible = 0;
			defaultConfigurationName = Debug;
		};
		77FC151590805AE890AEF32E /* Build configuration list for PBXNativeTarget "KeyJawnUITests" */ = {
			isa = XCConfigurationList;
			buildConfigurations = (
				299A41D8E4D0CABC0564DEC1 /* Debug */,
				62A24207A2AB3AB64BEE96AD /* Release */,
			);
			defaultConfigurationIsVisible = 0;
			defaultConfigurationName = Debug;
		};
		C5472142762481BD1C7B81D5 /* Build configuration list for PBXProject "KeyJawn" */ = {
			isa = XCConfigurationList;
			buildConfigurations = (
				6FDEB70B1A31C996071332D8 /* Debug */,
				478B7335DAD39DF8D4D8DDC3 /* Release */,
			);
			defaultConfigurationIsVisible = 0;
			defaultConfigurationName = Debug;
		};
		E00B304EAF9FA63522412A8B /* Build configuration list for PBXNativeTarget "KeyJawn" */ = {
			isa = XCConfigurationList;
			buildConfigurations = (
				E6F1D58995AC59350BCB0EF8 /* Debug */,
				EC3D2D91A3FD02585D189656 /* Release */,
			);
			defaultConfigurationIsVisible = 0;
			defaultConfigurationName = Debug;
		};
/* End XCConfigurationList section */

/* Begin XCLocalSwiftPackageReference section */
		110CA06B401C7ED704453078 /* XCLocalSwiftPackageReference "KeyJawnKit" */ = {
			isa = XCLocalSwiftPackageReference;
			relativePath = KeyJawnKit;
		};
/* End XCLocalSwiftPackageReference section */

/* Begin XCRemoteSwiftPackageReference section */
		05B7D614E2AAC85421DE92CC /* XCRemoteSwiftPackageReference "SwiftTerm" */ = {
			isa = XCRemoteSwiftPackageReference;
			repositoryURL = "https://github.com/migueldeicaza/SwiftTerm";
			requirement = {
				kind = upToNextMajorVersion;
				minimumVersion = 1.2.5;
			};
		};
		1E63AA3983889C46E6005E9E /* XCRemoteSwiftPackageReference "swift-nio-ssh" */ = {
			isa = XCRemoteSwiftPackageReference;
			repositoryURL = "https://github.com/Joannis/swift-nio-ssh";
			requirement = {
				kind = upToNextMajorVersion;
				minimumVersion = 0.3.0;
			};
		};
		4435EB56219D1AEF4C3147DE /* XCRemoteSwiftPackageReference "Citadel" */ = {
			isa = XCRemoteSwiftPackageReference;
			repositoryURL = "https://github.com/orlandos-nl/Citadel";
			requirement = {
				kind = upToNextMajorVersion;
				minimumVersion = 0.11.1;
			};
		};
		E40D541DF4CADBAB4CD9CCCB /* XCRemoteSwiftPackageReference "swift-nio" */ = {
			isa = XCRemoteSwiftPackageReference;
			repositoryURL = "https://github.com/apple/swift-nio";
			requirement = {
				kind = upToNextMajorVersion;
				minimumVersion = 2.0.0;
			};
		};
/* End XCRemoteSwiftPackageReference section */

/* Begin XCSwiftPackageProductDependency section */
		060BD31A2DD85CF9C0F6FE6F /* Citadel */ = {
			isa = XCSwiftPackageProductDependency;
			package = 4435EB56219D1AEF4C3147DE /* XCRemoteSwiftPackageReference "Citadel" */;
			productName = Citadel;
		};
		1BD7D5FD852EEF611DFEF3BA /* KeyJawnKit */ = {
			isa = XCSwiftPackageProductDependency;
			productName = KeyJawnKit;
		};
		2C94B23FBDB89626C8A0294C /* NIOPosix */ = {
			isa = XCSwiftPackageProductDependency;
			package = E40D541DF4CADBAB4CD9CCCB /* XCRemoteSwiftPackageReference "swift-nio" */;
			productName = NIOPosix;
		};
		77314FC70430F6B0FC36684C /* KeyJawnKit */ = {
			isa = XCSwiftPackageProductDependency;
			productName = KeyJawnKit;
		};
		9319CFF9722F6941701039BF /* NIOCore */ = {
			isa = XCSwiftPackageProductDependency;
			package = E40D541DF4CADBAB4CD9CCCB /* XCRemoteSwiftPackageReference "swift-nio" */;
			productName = NIOCore;
		};
		974D61CF6F7ADA4824D53DC7 /* NIOSSH */ = {
			isa = XCSwiftPackageProductDependency;
			package = 1E63AA3983889C46E6005E9E /* XCRemoteSwiftPackageReference "swift-nio-ssh" */;
			productName = NIOSSH;
		};
		C5D92697896E36FD6161FB69 /* NIOCore */ = {
			isa = XCSwiftPackageProductDependency;
			package = E40D541DF4CADBAB4CD9CCCB /* XCRemoteSwiftPackageReference "swift-nio" */;
			productName = NIOCore;
		};
		CB9AD386707E3751FAD823A1 /* Citadel */ = {
			isa = XCSwiftPackageProductDependency;
			package = 4435EB56219D1AEF4C3147DE /* XCRemoteSwiftPackageReference "Citadel" */;
			productName = Citadel;
		};
		D3233B073CCE7B0FEFB818EA /* KeyJawnKit */ = {
			isa = XCSwiftPackageProductDependency;
			productName = KeyJawnKit;
		};
		DBC5B9DCB9FBC1D3E054CE8F /* SwiftTerm */ = {
			isa = XCSwiftPackageProductDependency;
			package = 05B7D614E2AAC85421DE92CC /* XCRemoteSwiftPackageReference "SwiftTerm" */;
			productName = SwiftTerm;
		};
		E6BD72243EA2001DD46465E8 /* NIOSSH */ = {
			isa = XCSwiftPackageProductDependency;
			package = 1E63AA3983889C46E6005E9E /* XCRemoteSwiftPackageReference "swift-nio-ssh" */;
			productName = NIOSSH;
		};
/* End XCSwiftPackageProductDependency section */
	};
	rootObject = CCE8758E3FDE1B4AD2B13B6F /* Project object */;
}
